
Microsoft Visual Studio Solution File, Format Version 12.00
# Visual Studio Version 17
VisualStudioVersion = 17.8.34316.72
MinimumVisualStudioVersion = 10.0.40219.1
Project("{FAE04EC0-301F-11D3-BF4B-00C04F79EFBC}") = "Final_Project_Test", "Final_Project_Test\Final_Project_Test.csproj", "{78403F94-5771-44BF-AF60-661CEB10825C}"
EndProject
Project("{FAE04EC0-301F-11D3-BF4B-00C04F79EFBC}") = "Final_Project", "Final_Project\Final_Project.csproj", "{8CAFBC9C-98BF-4C58-B3ED-EB3A17EC36A4}"
EndProject
Global
	GlobalSection(SolutionConfigurationPlatforms) = preSolution
		Debug|Any CPU = Debug|Any CPU
		Release|Any CPU = Release|Any CPU
	EndGlobalSection
	GlobalSection(ProjectConfigurationPlatforms) = postSolution
		{78403F94-5771-44BF-AF60-661CEB10825C}.Debug|Any CPU.ActiveCfg = Debug|Any CPU
		{78403F94-5771-44BF-AF60-661CEB10825C}.Debug|Any CPU.Build.0 = Debug|Any CPU
		{78403F94-5771-44BF-AF60-661CEB10825C}.Release|Any CPU.ActiveCfg = Release|Any CPU
		{78403F94-5771-44BF-AF60-661CEB10825C}.Release|Any CPU.Build.0 = Release|Any CPU
		{8CAFBC9C-98BF-4C58-B3ED-EB3A17EC36A4}.Debug|Any CPU.ActiveCfg = Debug|Any CPU
		{8CAFBC9C-98BF-4C58-B3ED-EB3A17EC36A4}.Debug|Any CPU.Build.0 = Debug|Any CPU
		{8CAFBC9C-98BF-4C58-B3ED-EB3A17EC36A4}.Release|Any CPU.ActiveCfg = Release|Any CPU
		{8CAFBC9C-98BF-4C58-B3ED-EB3A17EC36A4}.Release|Any CPU.Build.0 = Release|Any CPU
	EndGlobalSection
	GlobalSection(SolutionProperties) = preSolution
		HideSolutionNode = FALSE
	EndGlobalSection
	GlobalSection(ExtensibilityGlobals) = postSolution
		SolutionGuid = {5E7CCBCD-2CB6-4A88-8B75-E9348E487AE9}
	EndGlobalSection
EndGlobal
